lockfileVersion: '9.0'

settings:
  autoInstallPeers: true
  excludeLinksFromLockfile: false

importers:

  .:
    devDependencies:
      web-tree-sitter:
        specifier: 0.26.11
        version: 0.26.11

packages:

  web-tree-sitter@0.26.11:
    resolution: {integrity: sha512-Q5Dm3YTIXSXuH6FxX6RuzX2Qwpc4DPGiYMU87Wg5Z8OIStiQFiUex4zMDc0vBTw78EphaYJacncJghCHzbZptg==}

snapshots:

  web-tree-sitter@0.26.11: {}
