lockfileVersion: '9.0'

settings:
  autoInstallPeers: true
  excludeLinksFromLockfile: false

importers:

  .:
    dependencies:
      web-tree-sitter-sg:
        specifier: file:./web-tree-sitter-sg/
        version: file:web-tree-sitter-sg

packages:

  web-tree-sitter-sg@file:web-tree-sitter-sg:
    resolution: {directory: web-tree-sitter-sg, type: directory}

  web-tree-sitter@0.24.4:
    resolution: {integrity: sha512-sETP1Sf9OTd4LusrKBNznNgTt3fWoWhJnAFaKPiGSeVKXJbZ72qoMpxddKMdVI5BgXv32OI7tkKQre5PmF9reA==}

snapshots:

  web-tree-sitter-sg@file:web-tree-sitter-sg:
    dependencies:
      web-tree-sitter: 0.24.4

  web-tree-sitter@0.24.4: {}
