lockfileVersion: '9.0'

settings:
  autoInstallPeers: true
  excludeLinksFromLockfile: false

importers:

  .:
    devDependencies:
      web-tree-sitter:
        specifier: 0.26.6
        version: 0.26.6

packages:

  web-tree-sitter@0.26.6:
    resolution: {integrity: sha512-fSPR7VBW/fZQdUSp/bXTDLT+i/9dwtbnqgEBMzowrM4U3DzeCwDbY3MKo0584uQxID4m/1xpLflrlT/rLIRPew==}

snapshots:

  web-tree-sitter@0.26.6: {}
